{
  "name": "drkleen",
  "version": "1.0.0",
  "lockfileVersion": 3,
  "requires": true,
  "packages": {
    "": {
      "name": "drkleen",
      "version": "1.0.0",
      "license": "ISC",
      "dependencies": {
        "@preline/carousel": "^2.4.1",
        "preline": "^2.6.0"
      },
      "devDependencies": {
        "tailwindcss": "^4.0.17"
      }
    },
    "node_modules/@popperjs/core": {
      "version": "2.11.8",
      "resolved": "https://registry.npmjs.org/@popperjs/core/-/core-2.11.8.tgz",
      "integrity": "sha512-P1st0aksCrn9sGZhp8GMYwBnQsbvAWsZAX44oXNNvLHGqAOcoVxmjZiohstwQ7SqKnbR47akdNi+uleWD8+g6A==",
      "license": "MIT",
      "funding": {
        "type": "opencollective",
        "url": "https://opencollective.com/popperjs"
      }
    },
    "node_modules/@preline/carousel": {
      "version": "2.4.1",
      "resolved": "https://registry.npmjs.org/@preline/carousel/-/carousel-2.4.1.tgz",
      "integrity": "sha512-U+RUo/U0cE9kfOyYGYX219OnoABDWJyYDZybm1mH3Gdb0+V044+Y0e6lF2emUVXfrNTESnRSx+jhYD9WqaNGaA==",
      "license": "Licensed under MIT and Preline UI Fair Use License"
    },
    "node_modules/preline": {
      "version": "2.6.0",
      "resolved": "https://registry.npmjs.org/preline/-/preline-2.6.0.tgz",
      "integrity": "sha512-8O9ayfWgicM8w64k6HIXoRafVqI3xsyFhlT/OCR99USR5izlMGvCunAW+HsTtCwWI0V04m96eXcYy8ElYkDqNg==",
      "license": "Licensed under MIT and Preline UI Fair Use License",
      "dependencies": {
        "@popperjs/core": "^2.11.2"
      }
    },
    "node_modules/tailwindcss": {
      "version": "4.0.17",
      "resolved": "https://registry.npmjs.org/tailwindcss/-/tailwindcss-4.0.17.tgz",
      "integrity": "sha512-OErSiGzRa6rLiOvaipsDZvLMSpsBZ4ysB4f0VKGXUrjw2jfkJRd6kjRKV2+ZmTCNvwtvgdDam5D7w6WXsdLJZw==",
      "dev": true,
      "license": "MIT"
    }
  }
}
